// !$*UTF8*$!
{
	archiveVersion = 1;
	classes = {
	};
	objectVersion = 56;
	objects = {

/* Begin PBXBuildFile section */
		C4E1B11A2A42DD5F0033A138 /* appkerenApp.swift in Sources */ = {isa = PBXBuildFile; fileRef = C4E1B1192A42DD5F0033A138 /* appkerenApp.swift */; };
		C4E1B11C2A42DD5F0033A138 /* ContentView.swift in Sources */ = {isa = PBXBuildFile; fileRef = C4E1B11B2A42DD5F0033A138 /* ContentView.swift */; };
		C4E1B11E2A42DD600033A138 /* Assets.xcassets in Resources */ = {isa = PBXBuildFile; fileRef = C4E1B11D2A42DD600033A138 /* Assets.xcassets */; };
		C4E1B1212A42DD600033A138 /* Preview Assets.xcassets in Resources */ = {isa = PBXBuildFile; fileRef = C4E1B1202A42DD600033A138 /* Preview Assets.xcassets */; };
		C4E1B12B2A42DD600033A138 /* appkerenTests.swift in Sources */ = {isa = PBXBuildFile; fileRef = C4E1B12A2A42DD600033A138 /* appkerenTests.swift */; };
		C4E1B1352A42DD600033A138 /* appkerenUITests.swift in Sources */ = {isa = PBXBuildFile; fileRef = C4E1B1342A42DD600033A138 /* appkerenUITests.swift */; };
		C4E1B1372A42DD600033A138 /* appkerenUITestsLaunchTests.swift in Sources */ = {isa = PBXBuildFile; fileRef = C4E1B1362A42DD600033A138 /* appkerenUITestsLaunchTests.swift */; };
		C4E1B1442A42E3B00033A138 /* OnboardingView.swift in Sources */ = {isa = PBXBuildFile; fileRef = C4E1B1432A42E3B00033A138 /* OnboardingView.swift */; };
/* End PBXBuildFile section */

/* Begin PBXContainerItemProxy section */
		C4E1B1272A42DD600033A138 /* PBXContainerItemProxy */ = {
			isa = PBXContainerItemProxy;
			containerPortal = C4E1B10E2A42DD5F0033A138 /* Project object */;
			proxyType = 1;
			remoteGlobalIDString = C4E1B1152A42DD5F0033A138;
			remoteInfo = appkeren;
		};
		C4E1B1312A42DD600033A138 /* PBXContainerItemProxy */ = {
			isa = PBXContainerItemProxy;
			containerPortal = C4E1B10E2A42DD5F0033A138 /* Project object */;
			proxyType = 1;
			remoteGlobalIDString = C4E1B1152A42DD5F0033A138;
			remoteInfo = appkeren;
		};
/* End PBXContainerItemProxy section */

/* Begin PBXFileReference section */
		C4E1B1162A42DD5F0033A138 /* appkeren.app */ = {isa = PBXFileReference; explicitFileType = wrapper.application; includeInIndex = 0; path = appkeren.app; sourceTree = BUILT_PRODUCTS_DIR; };
		C4E1B1192A42DD5F0033A138 /* appkerenApp.swift */ = {isa = PBXFileReference; lastKnownFileType = sourcecode.swift; path = appkerenApp.swift; sourceTree = "<group>"; };
		C4E1B11B2A42DD5F0033A138 /* ContentView.swift */ = {isa = PBXFileReference; lastKnownFileType = sourcecode.swift; path = ContentView.swift; sourceTree = "<group>"; };
		C4E1B11D2A42DD600033A138 /* Assets.xcassets */ = {isa = PBXFileReference; lastKnownFileType = folder.assetcatalog; path = Assets.xcassets; sourceTree = "<group>"; };
		C4E1B1202A42DD600033A138 /* Preview Assets.xcassets */ = {isa = PBXFileReference; lastKnownFileType = folder.assetcatalog; path = "Preview Assets.xcassets"; sourceTree = "<group>"; };
		C4E1B1262A42DD600033A138 /* appkerenTests.xctest */ = {isa = PBXFileReference; explicitFileType = wrapper.cfbundle; includeInIndex = 0; path = appkerenTests.xctest; sourceTree = BUILT_PRODUCTS_DIR; };
		C4E1B12A2A42DD600033A138 /* appkerenTests.swift */ = {isa = PBXFileReference; lastKnownFileType = sourcecode.swift; path = appkerenTests.swift; sourceTree = "<group>"; };
		C4E1B1302A42DD600033A138 /* appkerenUITests.xctest */ = {isa = PBXFileReference; explicitFileType = wrapper.cfbundle; includeInIndex = 0; path = appkerenUITests.xctest; sourceTree = BUILT_PRODUCTS_DIR; };
		C4E1B1342A42DD600033A138 /* appkerenUITests.swift */ = {isa = PBXFileReference; lastKnownFileType = sourcecode.swift; path = appkerenUITests.swift; sourceTree = "<group>"; };
		C4E1B1362A42DD600033A138 /* appkerenUITestsLaunchTests.swift */ = {isa = PBXFileReference; lastKnownFileType = sourcecode.swift; path = appkerenUITestsLaunchTests.swift; sourceTree = "<group>"; };
		C4E1B1432A42E3B00033A138 /* OnboardingView.swift */ = {isa = PBXFileReference; lastKnownFileType = sourcecode.swift; path = OnboardingView.swift; sourceTree = "<group>"; };
/* End PBXFileReference section */

/* Begin PBXFrameworksBuildPhase section */
		C4E1B1132A42DD5F0033A138 /* Frameworks */ = {
			isa = PBXFrameworksBuildPhase;
			buildActionMask = 2147483647;
			files = (
			);
			runOnlyForDeploymentPostprocessing = 0;
		};
		C4E1B1232A42DD600033A138 /* Frameworks */ = {
			isa = PBXFrameworksBuildPhase;
			buildActionMask = 2147483647;
			files = (
			);
			runOnlyForDeploymentPostprocessing = 0;
		};
		C4E1B12D2A42DD600033A138 /* Frameworks */ = {
			isa = PBXFrameworksBuildPhase;
			buildActionMask = 2147483647;
			files = (
			);
			runOnlyForDeploymentPostprocessing = 0;
		};
/* End PBXFrameworksBuildPhase section */

/* Begin PBXGroup section */
		C4E1B10D2A42DD5F0033A138 = {
			isa = PBXGroup;
			children = (
				C4E1B1182A42DD5F0033A138 /* appkeren */,
				C4E1B1292A42DD600033A138 /* appkerenTests */,
				C4E1B1332A42DD600033A138 /* appkerenUITests */,
				C4E1B1172A42DD5F0033A138 /* Products */,
			);
			sourceTree = "<group>";
		};
		C4E1B1172A42DD5F0033A138 /* Products */ = {
			isa = PBXGroup;
			children = (
				C4E1B1162A42DD5F0033A138 /* appkeren.app */,
				C4E1B1262A42DD600033A138 /* appkerenTests.xctest */,
				C4E1B1302A42DD600033A138 /* appkerenUITests.xctest */,
			);
			name = Products;
			sourceTree = "<group>";
		};
		C4E1B1182A42DD5F0033A138 /* appkeren */ = {
			isa = PBXGroup;
			children = (
				C4E1B1192A42DD5F0033A138 /* appkerenApp.swift */,
				C4E1B11B2A42DD5F0033A138 /* ContentView.swift */,
				C4E1B11D2A42DD600033A138 /* Assets.xcassets */,
				C4E1B11F2A42DD600033A138 /* Preview Content */,
				C4E1B1432A42E3B00033A138 /* OnboardingView.swift */,
			);
			path = appkeren;
			sourceTree = "<group>";
		};
		C4E1B11F2A42DD600033A138 /* Preview Content */ = {
			isa = PBXGroup;
			children = (
				C4E1B1202A42DD600033A138 /* Preview Assets.xcassets */,
			);
			path = "Preview Content";
			sourceTree = "<group>";
		};
		C4E1B1292A42DD600033A138 /* appkerenTests */ = {
			isa = PBXGroup;
			children = (
				C4E1B12A2A42DD600033A138 /* appkerenTests.swift */,
			);
			path = appkerenTests;
			sourceTree = "<group>";
		};
		C4E1B1332A42DD600033A138 /* appkerenUITests */ = {
			isa = PBXGroup;
			children = (
				C4E1B1342A42DD600033A138 /* appkerenUITests.swift */,
				C4E1B1362A42DD600033A138 /* appkerenUITestsLaunchTests.swift */,
			);
			path = appkerenUITests;
			sourceTree = "<group>";
		};
/* End PBXGroup section */

/* Begin PBXNativeTarget section */
		C4E1B1152A42DD5F0033A138 /* appkeren */ = {
			isa = PBXNativeTarget;
			buildConfigurationList = C4E1B13A2A42DD600033A138 /* Build configuration list for PBXNativeTarget "appkeren" */;
			buildPhases = (
				C4E1B1122A42DD5F0033A138 /* Sources */,
				C4E1B1132A42DD5F0033A138 /* Frameworks */,
				C4E1B1142A42DD5F0033A138 /* Resources */,
			);
			buildRules = (
			);
			dependencies = (
			);
			name = appkeren;
			productName = appkeren;
			productReference = C4E1B1162A42DD5F0033A138 /* appkeren.app */;
			productType = "com.apple.product-type.application";
		};
		C4E1B1252A42DD600033A138 /* appkerenTests */ = {
			isa = PBXNativeTarget;
			buildConfigurationList = C4E1B13D2A42DD600033A138 /* Build configuration list for PBXNativeTarget "appkerenTests" */;
			buildPhases = (
				C4E1B1222A42DD600033A138 /* Sources */,
				C4E1B1232A42DD600033A138 /* Frameworks */,
				C4E1B1242A42DD600033A138 /* Resources */,
			);
			buildRules = (
			);
			dependencies = (
				C4E1B1282A42DD600033A138 /* PBXTargetDependency */,
			);
			name = appkerenTests;
			productName = appkerenTests;
			productReference = C4E1B1262A42DD600033A138 /* appkerenTests.xctest */;
			productType = "com.apple.product-type.bundle.unit-test";
		};
		C4E1B12F2A42DD600033A138 /* appkerenUITests */ = {
			isa = PBXNativeTarget;
			buildConfigurationList = C4E1B1402A42DD600033A138 /* Build configuration list for PBXNativeTarget "appkerenUITests" */;
			buildPhases = (
				C4E1B12C2A42DD600033A138 /* Sources */,
				C4E1B12D2A42DD600033A138 /* Frameworks */,
				C4E1B12E2A42DD600033A138 /* Resources */,
			);
			buildRules = (
			);
			dependencies = (
				C4E1B1322A42DD600033A138 /* PBXTargetDependency */,
			);
			name = appkerenUITests;
			productName = appkerenUITests;
			productReference = C4E1B1302A42DD600033A138 /* appkerenUITests.xctest */;
			productType = "com.apple.product-type.bundle.ui-testing";
		};
/* End PBXNativeTarget section */

/* Begin PBXProject section */
		C4E1B10E2A42DD5F0033A138 /* Project object */ = {
			isa = PBXProject;
			attributes = {
				BuildIndependentTargetsInParallel = 1;
				LastSwiftUpdateCheck = 1420;
				LastUpgradeCheck = 1420;
				TargetAttributes = {
					C4E1B1152A42DD5F0033A138 = {
						CreatedOnToolsVersion = 14.2;
					};
					C4E1B1252A42DD600033A138 = {
						CreatedOnToolsVersion = 14.2;
						TestTargetID = C4E1B1152A42DD5F0033A138;
					};
					C4E1B12F2A42DD600033A138 = {
						CreatedOnToolsVersion = 14.2;
						TestTargetID = C4E1B1152A42DD5F0033A138;
					};
				};
			};
			buildConfigurationList = C4E1B1112A42DD5F0033A138 /* Build configuration list for PBXProject "appkeren" */;
			compatibilityVersion = "Xcode 14.0";
			developmentRegion = en;
			hasScannedForEncodings = 0;
			knownRegions = (
				en,
				Base,
			);
			mainGroup = C4E1B10D2A42DD5F0033A138;
			productRefGroup = C4E1B1172A42DD5F0033A138 /* Products */;
			projectDirPath = "";
			projectRoot = "";
			targets = (
				C4E1B1152A42DD5F0033A138 /* appkeren */,
				C4E1B1252A42DD600033A138 /* appkerenTests */,
				C4E1B12F2A42DD600033A138 /* appkerenUITests */,
			);
		};
/* End PBXProject section */

/* Begin PBXResourcesBuildPhase section */
		C4E1B1142A42DD5F0033A138 /* Resources */ = {
			isa = PBXResourcesBuildPhase;
			buildActionMask = 2147483647;
			files = (
				C4E1B1212A42DD600033A138 /* Preview Assets.xcassets in Resources */,
				C4E1B11E2A42DD600033A138 /* Assets.xcassets in Resources */,
			);
			runOnlyForDeploymentPostprocessing = 0;
		};
		C4E1B1242A42DD600033A138 /* Resources */ = {
			isa = PBXResourcesBuildPhase;
			buildActionMask = 2147483647;
			files = (
			);
			runOnlyForDeploymentPostprocessing = 0;
		};
		C4E1B12E2A42DD600033A138 /* Resources */ = {
			isa = PBXResourcesBuildPhase;
			buildActionMask = 2147483647;
			files = (
			);
			runOnlyForDeploymentPostprocessing = 0;
		};
/* End PBXResourcesBuildPhase section */

/* Begin PBXSourcesBuildPhase section */
		C4E1B1122A42DD5F0033A138 /* Sources */ = {
			isa = PBXSourcesBuildPhase;
			buildActionMask = 2147483647;
			files = (
				C4E1B1442A42E3B00033A138 /* OnboardingView.swift in Sources */,
				C4E1B11C2A42DD5F0033A138 /* ContentView.swift in Sources */,
				C4E1B11A2A42DD5F0033A138 /* appkerenApp.swift in Sources */,
			);
			runOnlyForDeploymentPostprocessing = 0;
		};
		C4E1B1222A42DD600033A138 /* Sources */ = {
			isa = PBXSourcesBuildPhase;
			buildActionMask = 2147483647;
			files = (
				C4E1B12B2A42DD600033A138 /* appkerenTests.swift in Sources */,
			);
			runOnlyForDeploymentPostprocessing = 0;
		};
		C4E1B12C2A42DD600033A138 /* Sources */ = {
			isa = PBXSourcesBuildPhase;
			buildActionMask = 2147483647;
			files = (
				C4E1B1372A42DD600033A138 /* appkerenUITestsLaunchTests.swift in Sources */,
				C4E1B1352A42DD600033A138 /* appkerenUITests.swift in Sources */,
			);
			runOnlyForDeploymentPostprocessing = 0;
		};
/* End PBXSourcesBuildPhase section */

/* Begin PBXTargetDependency section */
		C4E1B1282A42DD600033A138 /* PBXTargetDependency */ = {
			isa = PBXTargetDependency;
			target = C4E1B1152A42DD5F0033A138 /* appkeren */;
			targetProxy = C4E1B1272A42DD600033A138 /* PBXContainerItemProxy */;
		};
		C4E1B1322A42DD600033A138 /* PBXTargetDependency */ = {
			isa = PBXTargetDependency;
			target = C4E1B1152A42DD5F0033A138 /* appkeren */;
			targetProxy = C4E1B1312A42DD600033A138 /* PBXContainerItemProxy */;
		};
/* End PBXTargetDependency section */

/* Begin XCBuildConfiguration section */
		C4E1B1382A42DD600033A138 /* Debug */ = {
			isa = XCBuildConfiguration;
			buildSettings = {
				ALWAYS_SEARCH_USER_PATHS = NO;
				CLANG_ANALYZER_NONNULL = YES;
				CLANG_ANALYZER_NUMBER_OBJECT_CONVERSION = YES_AGGRESSIVE;
				CLANG_CXX_LANGUAGE_STANDARD = "gnu++20";
				CLANG_ENABLE_MODULES = YES;
				CLANG_ENABLE_OBJC_ARC = YES;
				CLANG_ENABLE_OBJC_WEAK = YES;
				CLANG_WARN_BLOCK_CAPTURE_AUTORELEASING = YES;
				CLANG_WARN_BOOL_CONVERSION = YES;
				CLANG_WARN_COMMA = YES;
				CLANG_WARN_CONSTANT_CONVERSION = YES;
				CLANG_WARN_DEPRECATED_OBJC_IMPLEMENTATIONS = YES;
				CLANG_WARN_DIRECT_OBJC_ISA_USAGE = YES_ERROR;
				CLANG_WARN_DOCUMENTATION_COMMENTS = YES;
				CLANG_WARN_EMPTY_BODY = YES;
				CLANG_WARN_ENUM_CONVERSION = YES;
				CLANG_WARN_INFINITE_RECURSION = YES;
				CLANG_WARN_INT_CONVERSION = YES;
				CLANG_WARN_NON_LITERAL_NULL_CONVERSION = YES;
				CLANG_WARN_OBJC_IMPLICIT_RETAIN_SELF = YES;
				CLANG_WARN_OBJC_LITERAL_CONVERSION = YES;
				CLANG_WARN_OBJC_ROOT_CLASS = YES_ERROR;
				CLANG_WARN_QUOTED_INCLUDE_IN_FRAMEWORK_HEADER = YES;
				CLANG_WARN_RANGE_LOOP_ANALYSIS = YES;
				CLANG_WARN_STRICT_PROTOTYPES = YES;
				CLANG_WARN_SUSPICIOUS_MOVE = YES;
				CLANG_WARN_UNGUARDED_AVAILABILITY = YES_AGGRESSIVE;
				CLANG_WARN_UNREACHABLE_CODE = YES;
				CLANG_WARN__DUPLICATE_METHOD_MATCH = YES;
				COPY_PHASE_STRIP = NO;
				DEBUG_INFORMATION_FORMAT = dwarf;
				ENABLE_STRICT_OBJC_MSGSEND = YES;
				ENABLE_TESTABILITY = YES;
				GCC_C_LANGUAGE_STANDARD = gnu11;
				GCC_DYNAMIC_NO_PIC = NO;
				GCC_NO_COMMON_BLOCKS = YES;
				GCC_OPTIMIZATION_LEVEL = 0;
				GCC_PREPROCESSOR_DEFINITIONS = (
					"DEBUG=1",
					"$(inherited)",
				);
				GCC_WARN_64_TO_32_BIT_CONVERSION = YES;
				GCC_WARN_ABOUT_RETURN_TYPE = YES_ERROR;
				GCC_WARN_UNDECLARED_SELECTOR = YES;
				GCC_WARN_UNINITIALIZED_AUTOS = YES_AGGRESSIVE;
				GCC_WARN_UNUSED_FUNCTION = YES;
				GCC_WARN_UNUSED_VARIABLE = YES;
				IPHONEOS_DEPLOYMENT_TARGET = 16.2;
				MTL_ENABLE_DEBUG_INFO = INCLUDE_SOURCE;
				MTL_FAST_MATH = YES;
				ONLY_ACTIVE_ARCH = YES;
				SDKROOT = iphoneos;
				SWIFT_ACTIVE_COMPILATION_CONDITIONS = DEBUG;
				SWIFT_OPTIMIZATION_LEVEL = "-Onone";
			};
			name = Debug;
		};
		C4E1B1392A42DD600033A138 /* Release */ = {
			isa = XCBuildConfiguration;
			buildSettings = {
				ALWAYS_SEARCH_USER_PATHS = NO;
				CLANG_ANALYZER_NONNULL = YES;
				CLANG_ANALYZER_NUMBER_OBJECT_CONVERSION = YES_AGGRESSIVE;
				CLANG_CXX_LANGUAGE_STANDARD = "gnu++20";
				CLANG_ENABLE_MODULES = YES;
				CLANG_ENABLE_OBJC_ARC = YES;
				CLANG_ENABLE_OBJC_WEAK = YES;
				CLANG_WARN_BLOCK_CAPTURE_AUTORELEASING = YES;
				CLANG_WARN_BOOL_CONVERSION = YES;
				CLANG_WARN_COMMA = YES;
				CLANG_WARN_CONSTANT_CONVERSION = YES;
				CLANG_WARN_DEPRECATED_OBJC_IMPLEMENTATIONS = YES;
				CLANG_WARN_DIRECT_OBJC_ISA_USAGE = YES_ERROR;
				CLANG_WARN_DOCUMENTATION_COMMENTS = YES;
				CLANG_WARN_EMPTY_BODY = YES;
				CLANG_WARN_ENUM_CONVERSION = YES;
				CLANG_WARN_INFINITE_RECURSION = YES;
				CLANG_WARN_INT_CONVERSION = YES;
				CLANG_WARN_NON_LITERAL_NULL_CONVERSION = YES;
				CLANG_WARN_OBJC_IMPLICIT_RETAIN_SELF = YES;
				CLANG_WARN_OBJC_LITERAL_CONVERSION = YES;
				CLANG_WARN_OBJC_ROOT_CLASS = YES_ERROR;
				CLANG_WARN_QUOTED_INCLUDE_IN_FRAMEWORK_HEADER = YES;
				CLANG_WARN_RANGE_LOOP_ANALYSIS = YES;
				CLANG_WARN_STRICT_PROTOTYPES = YES;
				CLANG_WARN_SUSPICIOUS_MOVE = YES;
				CLANG_WARN_UNGUARDED_AVAILABILITY = YES_AGGRESSIVE;
				CLANG_WARN_UNREACHABLE_CODE = YES;
				CLANG_WARN__DUPLICATE_METHOD_MATCH = YES;
				COPY_PHASE_STRIP = NO;
				DEBUG_INFORMATION_FORMAT = "dwarf-with-dsym";
				ENABLE_NS_ASSERTIONS = NO;
				ENABLE_STRICT_OBJC_MSGSEND = YES;
				GCC_C_LANGUAGE_STANDARD = gnu11;
				GCC_NO_COMMON_BLOCKS = YES;
				GCC_WARN_64_TO_32_BIT_CONVERSION = YES;
				GCC_WARN_ABOUT_RETURN_TYPE = YES_ERROR;
				GCC_WARN_UNDECLARED_SELECTOR = YES;
				GCC_WARN_UNINITIALIZED_AUTOS = YES_AGGRESSIVE;
				GCC_WARN_UNUSED_FUNCTION = YES;
				GCC_WARN_UNUSED_VARIABLE = YES;
				IPHONEOS_DEPLOYMENT_TARGET = 16.2;
				MTL_ENABLE_DEBUG_INFO = NO;
				MTL_FAST_MATH = YES;
				SDKROOT = iphoneos;
				SWIFT_COMPILATION_MODE = wholemodule;
				SWIFT_OPTIMIZATION_LEVEL = "-O";
				VALIDATE_PRODUCT = YES;
			};
			name = Release;
		};
		C4E1B13B2A42DD600033A138 /* Debug */ = {
			isa = XCBuildConfiguration;
			buildSettings = {
				ASSETCATALOG_COMPILER_APPICON_NAME = AppIcon;
				ASSETCATALOG_COMPILER_GLOBAL_ACCENT_COLOR_NAME = AccentColor;
				CODE_SIGN_STYLE = Automatic;
				CURRENT_PROJECT_VERSION = 1;
				DEVELOPMENT_ASSET_PATHS = "\"appkeren/Preview Content\"";
				ENABLE_PREVIEWS = YES;
				GENERATE_INFOPLIST_FILE = YES;
				INFOPLIST_KEY_UIApplicationSceneManifest_Generation = YES;
				INFOPLIST_KEY_UIApplicationSupportsIndirectInputEvents = YES;
				INFOPLIST_KEY_UILaunchScreen_Generation = YES;
				INFOPLIST_KEY_UISupportedInterfaceOrientations_iPad = "UIInterfaceOrientationPortrait UIInterfaceOrientationPortraitUpsideDown UIInterfaceOrientationLandscapeLeft UIInterfaceOrientationLandscapeRight";
				INFOPLIST_KEY_UISupportedInterfaceOrientations_iPhone = "UIInterfaceOrientationPortrait UIInterfaceOrientationLandscapeLeft UIInterfaceOrientationLandscapeRight";
				LD_RUNPATH_SEARCH_PATHS = (
					"$(inherited)",
					"@executable_path/Frameworks",
				);
				MARKETING_VERSION = 1.0;
				PRODUCT_BUNDLE_IDENTIFIER = com.ada.appkeren;
				PRODUCT_NAME = "$(TARGET_NAME)";
				SWIFT_EMIT_LOC_STRINGS = YES;
				SWIFT_VERSION = 5.0;
				TARGETED_DEVICE_FAMILY = "1,2";
			};
			name = Debug;
		};
		C4E1B13C2A42DD600033A138 /* Release */ = {
			isa = XCBuildConfiguration;
			buildSettings = {
				ASSETCATALOG_COMPILER_APPICON_NAME = AppIcon;
				ASSETCATALOG_COMPILER_GLOBAL_ACCENT_COLOR_NAME = AccentColor;
				CODE_SIGN_STYLE = Automatic;
				CURRENT_PROJECT_VERSION = 1;
				DEVELOPMENT_ASSET_PATHS = "\"appkeren/Preview Content\"";
				ENABLE_PREVIEWS = YES;
				GENERATE_INFOPLIST_FILE = YES;
				INFOPLIST_KEY_UIApplicationSceneManifest_Generation = YES;
				INFOPLIST_KEY_UIApplicationSupportsIndirectInputEvents = YES;
				INFOPLIST_KEY_UILaunchScreen_Generation = YES;
				INFOPLIST_KEY_UISupportedInterfaceOrientations_iPad = "UIInterfaceOrientationPortrait UIInterfaceOrientationPortraitUpsideDown UIInterfaceOrientationLandscapeLeft UIInterfaceOrientationLandscapeRight";
				INFOPLIST_KEY_UISupportedInterfaceOrientations_iPhone = "UIInterfaceOrientationPortrait UIInterfaceOrientationLandscapeLeft UIInterfaceOrientationLandscapeRight";
				LD_RUNPATH_SEARCH_PATHS = (
					"$(inherited)",
					"@executable_path/Frameworks",
				);
				MARKETING_VERSION = 1.0;
				PRODUCT_BUNDLE_IDENTIFIER = com.ada.appkeren;
				PRODUCT_NAME = "$(TARGET_NAME)";
				SWIFT_EMIT_LOC_STRINGS = YES;
				SWIFT_VERSION = 5.0;
				TARGETED_DEVICE_FAMILY = "1,2";
			};
			name = Release;
		};
		C4E1B13E2A42DD600033A138 /* Debug */ = {
			isa = XCBuildConfiguration;
			buildSettings = {
				ALWAYS_EMBED_SWIFT_STANDARD_LIBRARIES = YES;
				BUNDLE_LOADER = "$(TEST_HOST)";
				CODE_SIGN_STYLE = Automatic;
				CURRENT_PROJECT_VERSION = 1;
				GENERATE_INFOPLIST_FILE = YES;
				IPHONEOS_DEPLOYMENT_TARGET = 16.2;
				MARKETING_VERSION = 1.0;
				PRODUCT_BUNDLE_IDENTIFIER = com.ada.appkerenTests;
				PRODUCT_NAME = "$(TARGET_NAME)";
				SWIFT_EMIT_LOC_STRINGS = NO;
				SWIFT_VERSION = 5.0;
				TARGETED_DEVICE_FAMILY = "1,2";
				TEST_HOST = "$(BUILT_PRODUCTS_DIR)/appkeren.app/$(BUNDLE_EXECUTABLE_FOLDER_PATH)/appkeren";
			};
			name = Debug;
		};
		C4E1B13F2A42DD600033A138 /* Release */ = {
			isa = XCBuildConfiguration;
			buildSettings = {
				ALWAYS_EMBED_SWIFT_STANDARD_LIBRARIES = YES;
				BUNDLE_LOADER = "$(TEST_HOST)";
				CODE_SIGN_STYLE = Automatic;
				CURRENT_PROJECT_VERSION = 1;
				GENERATE_INFOPLIST_FILE = YES;
				IPHONEOS_DEPLOYMENT_TARGET = 16.2;
				MARKETING_VERSION = 1.0;
				PRODUCT_BUNDLE_IDENTIFIER = com.ada.appkerenTests;
				PRODUCT_NAME = "$(TARGET_NAME)";
				SWIFT_EMIT_LOC_STRINGS = NO;
				SWIFT_VERSION = 5.0;
				TARGETED_DEVICE_FAMILY = "1,2";
				TEST_HOST = "$(BUILT_PRODUCTS_DIR)/appkeren.app/$(BUNDLE_EXECUTABLE_FOLDER_PATH)/appkeren";
			};
			name = Release;
		};
		C4E1B1412A42DD600033A138 /* Debug */ = {
			isa = XCBuildConfiguration;
			buildSettings = {
				ALWAYS_EMBED_SWIFT_STANDARD_LIBRARIES = YES;
				CODE_SIGN_STYLE = Automatic;
				CURRENT_PROJECT_VERSION = 1;
				GENERATE_INFOPLIST_FILE = YES;
				MARKETING_VERSION = 1.0;
				PRODUCT_BUNDLE_IDENTIFIER = com.ada.appkerenUITests;
				PRODUCT_NAME = "$(TARGET_NAME)";
				SWIFT_EMIT_LOC_STRINGS = NO;
				SWIFT_VERSION = 5.0;
				TARGETED_DEVICE_FAMILY = "1,2";
				TEST_TARGET_NAME = appkeren;
			};
			name = Debug;
		};
		C4E1B1422A42DD600033A138 /* Release */ = {
			isa = XCBuildConfiguration;
			buildSettings = {
				ALWAYS_EMBED_SWIFT_STANDARD_LIBRARIES = YES;
				CODE_SIGN_STYLE = Automatic;
				CURRENT_PROJECT_VERSION = 1;
				GENERATE_INFOPLIST_FILE = YES;
				MARKETING_VERSION = 1.0;
				PRODUCT_BUNDLE_IDENTIFIER = com.ada.appkerenUITests;
				PRODUCT_NAME = "$(TARGET_NAME)";
				SWIFT_EMIT_LOC_STRINGS = NO;
				SWIFT_VERSION = 5.0;
				TARGETED_DEVICE_FAMILY = "1,2";
				TEST_TARGET_NAME = appkeren;
			};
			name = Release;
		};
/* End XCBuildConfiguration section */

/* Begin XCConfigurationList section */
		C4E1B1112A42DD5F0033A138 /* Build configuration list for PBXProject "appkeren" */ = {
			isa = XCConfigurationList;
			buildConfigurations = (
				C4E1B1382A42DD600033A138 /* Debug */,
				C4E1B1392A42DD600033A138 /* Release */,
			);
			defaultConfigurationIsVisible = 0;
			defaultConfigurationName = Release;
		};
		C4E1B13A2A42DD600033A138 /* Build configuration list for PBXNativeTarget "appkeren" */ = {
			isa = XCConfigurationList;
			buildConfigurations = (
				C4E1B13B2A42DD600033A138 /* Debug */,
				C4E1B13C2A42DD600033A138 /* Release */,
			);
			defaultConfigurationIsVisible = 0;
			defaultConfigurationName = Release;
		};
		C4E1B13D2A42DD600033A138 /* Build configuration list for PBXNativeTarget "appkerenTests" */ = {
			isa = XCConfigurationList;
			buildConfigurations = (
				C4E1B13E2A42DD600033A138 /* Debug */,
				C4E1B13F2A42DD600033A138 /* Release */,
			);
			defaultConfigurationIsVisible = 0;
			defaultConfigurationName = Release;
		};
		C4E1B1402A42DD600033A138 /* Build configuration list for PBXNativeTarget "appkerenUITests" */ = {
			isa = XCConfigurationList;
			buildConfigurations = (
				C4E1B1412A42DD600033A138 /* Debug */,
				C4E1B1422A42DD600033A138 /* Release */,
			);
			defaultConfigurationIsVisible = 0;
			defaultConfigurationName = Release;
		};
/* End XCConfigurationList section */
	};
	rootObject = C4E1B10E2A42DD5F0033A138 /* Project object */;
}
